
Microsoft Visual Studio Solution File, Format Version 12.00
# Visual Studio Version 17
VisualStudioVersion = 17.14.36518.9 d17.14
MinimumVisualStudioVersion = 10.0.40219.1
Project("{FAE04EC0-301F-11D3-BF4B-00C04F79EFBC}") = "DAL", "DAL\DAL.csproj", "{F2CD9F68-DB7E-4FBB-B026-52B8D4674230}"
EndProject
Project("{FAE04EC0-301F-11D3-BF4B-00C04F79EFBC}") = "WebApplication", "WebApplication\WebApplication.csproj", "{88D4D68E-0BDF-40D1-A2A3-7DABAA43C411}"
EndProject
Global
	GlobalSection(SolutionConfigurationPlatforms) = preSolution
		Debug|Any CPU = Debug|Any CPU
		Release|Any CPU = Release|Any CPU
	EndGlobalSection
	GlobalSection(ProjectConfigurationPlatforms) = postSolution
		{F2CD9F68-DB7E-4FBB-B026-52B8D4674230}.Debug|Any CPU.ActiveCfg = Debug|Any CPU
		{F2CD9F68-DB7E-4FBB-B026-52B8D4674230}.Debug|Any CPU.Build.0 = Debug|Any CPU
		{F2CD9F68-DB7E-4FBB-B026-52B8D4674230}.Release|Any CPU.ActiveCfg = Release|Any CPU
		{F2CD9F68-DB7E-4FBB-B026-52B8D4674230}.Release|Any CPU.Build.0 = Release|Any CPU
		{88D4D68E-0BDF-40D1-A2A3-7DABAA43C411}.Debug|Any CPU.ActiveCfg = Debug|Any CPU
		{88D4D68E-0BDF-40D1-A2A3-7DABAA43C411}.Debug|Any CPU.Build.0 = Debug|Any CPU
		{88D4D68E-0BDF-40D1-A2A3-7DABAA43C411}.Release|Any CPU.ActiveCfg = Release|Any CPU
		{88D4D68E-0BDF-40D1-A2A3-7DABAA43C411}.Release|Any CPU.Build.0 = Release|Any CPU
	EndGlobalSection
	GlobalSection(SolutionProperties) = preSolution
		HideSolutionNode = FALSE
	EndGlobalSection
	GlobalSection(ExtensibilityGlobals) = postSolution
		SolutionGuid = {068FF7FC-A5F4-4C48-8693-AA2D9F8086B6}
	EndGlobalSection
EndGlobal
